
Microsoft Visual Studio Solution File, Format Version 12.00
# Visual Studio Version 16
VisualStudioVersion = 16.0.29123.88
MinimumVisualStudioVersion = 10.0.40219.1
Project("{FAE04EC0-301F-11D3-BF4B-00C04F79EFBC}") = "GIFSearchService", "GIFSearchService\GIFSearchService.csproj", "{5D12857D-F0E1-4A3A-84AD-20C85C7FC534}"
EndProject
Project("{FAE04EC0-301F-11D3-BF4B-00C04F79EFBC}") = "GIFSearchServices.Tests", "GIFSearchServices.Tests\GIFSearchServices.Tests.csproj", "{85C094CC-3705-4ECC-B189-92B36351E038}"
EndProject
Project("{FAE04EC0-301F-11D3-BF4B-00C04F79EFBC}") = "UnitTestProject1", "UnitTestProject1\UnitTestProject1.csproj", "{14B25A4B-001C-42D0-B730-CDC913DDA94E}"
EndProject
Global
	GlobalSection(SolutionConfigurationPlatforms) = preSolution
		Debug|Any CPU = Debug|Any CPU
		Release|Any CPU = Release|Any CPU
	EndGlobalSection
	GlobalSection(ProjectConfigurationPlatforms) = postSolution
		{5D12857D-F0E1-4A3A-84AD-20C85C7FC534}.Debug|Any CPU.ActiveCfg = Debug|Any CPU
		{5D12857D-F0E1-4A3A-84AD-20C85C7FC534}.Debug|Any CPU.Build.0 = Debug|Any CPU
		{5D12857D-F0E1-4A3A-84AD-20C85C7FC534}.Release|Any CPU.ActiveCfg = Release|Any CPU
		{5D12857D-F0E1-4A3A-84AD-20C85C7FC534}.Release|Any CPU.Build.0 = Release|Any CPU
		{85C094CC-3705-4ECC-B189-92B36351E038}.Debug|Any CPU.ActiveCfg = Debug|Any CPU
		{85C094CC-3705-4ECC-B189-92B36351E038}.Debug|Any CPU.Build.0 = Debug|Any CPU
		{85C094CC-3705-4ECC-B189-92B36351E038}.Release|Any CPU.ActiveCfg = Release|Any CPU
		{85C094CC-3705-4ECC-B189-92B36351E038}.Release|Any CPU.Build.0 = Release|Any CPU
		{14B25A4B-001C-42D0-B730-CDC913DDA94E}.Debug|Any CPU.ActiveCfg = Debug|Any CPU
		{14B25A4B-001C-42D0-B730-CDC913DDA94E}.Debug|Any CPU.Build.0 = Debug|Any CPU
		{14B25A4B-001C-42D0-B730-CDC913DDA94E}.Release|Any CPU.ActiveCfg = Release|Any CPU
		{14B25A4B-001C-42D0-B730-CDC913DDA94E}.Release|Any CPU.Build.0 = Release|Any CPU
	EndGlobalSection
	GlobalSection(SolutionProperties) = preSolution
		HideSolutionNode = FALSE
	EndGlobalSection
	GlobalSection(ExtensibilityGlobals) = postSolution
		SolutionGuid = {2E25DF17-F3A0-4A45-B1FF-840C39F50ED7}
	EndGlobalSection
EndGlobal
